// !$*UTF8*$!
{
	archiveVersion = 1;
	classes = {
	};
	objectVersion = 55;
	objects = {

/* Begin PBXBuildFile section */
		8D6186E927E869A700090B8A /* RGB.swift in Sources */ = {isa = PBXBuildFile; fileRef = 8D6186E827E869A700090B8A /* RGB.swift */; };
		8DA591F427E9685000CC739C /* PhotosUITests.swift in Sources */ = {isa = PBXBuildFile; fileRef = 8DA591F327E9685000CC739C /* PhotosUITests.swift */; };
		8DA591F627E9685000CC739C /* PhotosUITestsLaunchTests.swift in Sources */ = {isa = PBXBuildFile; fileRef = 8DA591F527E9685000CC739C /* PhotosUITestsLaunchTests.swift */; };
		D0DB557C27E821B8002F8330 /* PhotosTests.swift in Sources */ = {isa = PBXBuildFile; fileRef = D0DB557B27E821B8002F8330 /* PhotosTests.swift */; };
		D0DB558327E86D58002F8330 /* UIColor+Extension.swift in Sources */ = {isa = PBXBuildFile; fileRef = D0DB558227E86D58002F8330 /* UIColor+Extension.swift */; };
		D0DB558627E86F42002F8330 /* ColorCollectionViewCell.swift in Sources */ = {isa = PBXBuildFile; fileRef = D0DB558527E86F42002F8330 /* ColorCollectionViewCell.swift */; };
		D0DB558727E874D9002F8330 /* RGB.swift in Sources */ = {isa = PBXBuildFile; fileRef = 8D6186E827E869A700090B8A /* RGB.swift */; };
		D0EB3F4127E81CE600983F5E /* AppDelegate.swift in Sources */ = {isa = PBXBuildFile; fileRef = D0EB3F4027E81CE600983F5E /* AppDelegate.swift */; };
		D0EB3F4327E81CE600983F5E /* SceneDelegate.swift in Sources */ = {isa = PBXBuildFile; fileRef = D0EB3F4227E81CE600983F5E /* SceneDelegate.swift */; };
		D0EB3F4527E81CE600983F5E /* ViewController.swift in Sources */ = {isa = PBXBuildFile; fileRef = D0EB3F4427E81CE600983F5E /* ViewController.swift */; };
		D0EB3F4827E81CE600983F5E /* Main.storyboard in Resources */ = {isa = PBXBuildFile; fileRef = D0EB3F4627E81CE600983F5E /* Main.storyboard */; };
		D0EB3F4A27E81CE700983F5E /* Assets.xcassets in Resources */ = {isa = PBXBuildFile; fileRef = D0EB3F4927E81CE700983F5E /* Assets.xcassets */; };
		D0EB3F4D27E81CE700983F5E /* LaunchScreen.storyboard in Resources */ = {isa = PBXBuildFile; fileRef = D0EB3F4B27E81CE700983F5E /* LaunchScreen.storyboard */; };
/* End PBXBuildFile section */

/* Begin PBXContainerItemProxy section */
		8DA591F727E9685000CC739C /* PBXContainerItemProxy */ = {
			isa = PBXContainerItemProxy;
			containerPortal = D0EB3F3527E81CE600983F5E /* Project object */;
			proxyType = 1;
			remoteGlobalIDString = D0EB3F3C27E81CE600983F5E;
			remoteInfo = Photos;
		};
		D0DB557D27E821B8002F8330 /* PBXContainerItemProxy */ = {
			isa = PBXContainerItemProxy;
			containerPortal = D0EB3F3527E81CE600983F5E /* Project object */;
			proxyType = 1;
			remoteGlobalIDString = D0EB3F3C27E81CE600983F5E;
			remoteInfo = Photos;
		};
/* End PBXContainerItemProxy section */

/* Begin PBXFileReference section */
		8D6186E827E869A700090B8A /* RGB.swift */ = {isa = PBXFileReference; lastKnownFileType = sourcecode.swift; path = RGB.swift; sourceTree = "<group>"; };
		8DA591F127E9685000CC739C /* PhotosUITests.xctest */ = {isa = PBXFileReference; explicitFileType = wrapper.cfbundle; includeInIndex = 0; path = PhotosUITests.xctest; sourceTree = BUILT_PRODUCTS_DIR; };
		8DA591F327E9685000CC739C /* PhotosUITests.swift */ = {isa = PBXFileReference; lastKnownFileType = sourcecode.swift; path = PhotosUITests.swift; sourceTree = "<group>"; };
		8DA591F527E9685000CC739C /* PhotosUITestsLaunchTests.swift */ = {isa = PBXFileReference; lastKnownFileType = sourcecode.swift; path = PhotosUITestsLaunchTests.swift; sourceTree = "<group>"; };
		D0DB557927E821B8002F8330 /* PhotosTests.xctest */ = {isa = PBXFileReference; explicitFileType = wrapper.cfbundle; includeInIndex = 0; path = PhotosTests.xctest; sourceTree = BUILT_PRODUCTS_DIR; };
		D0DB557B27E821B8002F8330 /* PhotosTests.swift */ = {isa = PBXFileReference; lastKnownFileType = sourcecode.swift; path = PhotosTests.swift; sourceTree = "<group>"; };
		D0DB558227E86D58002F8330 /* UIColor+Extension.swift */ = {isa = PBXFileReference; lastKnownFileType = sourcecode.swift; path = "UIColor+Extension.swift"; sourceTree = "<group>"; };
		D0DB558527E86F42002F8330 /* ColorCollectionViewCell.swift */ = {isa = PBXFileReference; lastKnownFileType = sourcecode.swift; path = ColorCollectionViewCell.swift; sourceTree = "<group>"; };
		D0EB3F3D27E81CE600983F5E /* Photos.app */ = {isa = PBXFileReference; explicitFileType = wrapper.application; includeInIndex = 0; path = Photos.app; sourceTree = BUILT_PRODUCTS_DIR; };
		D0EB3F4027E81CE600983F5E /* AppDelegate.swift */ = {isa = PBXFileReference; lastKnownFileType = sourcecode.swift; path = AppDelegate.swift; sourceTree = "<group>"; };
		D0EB3F4227E81CE600983F5E /* SceneDelegate.swift */ = {isa = PBXFileReference; lastKnownFileType = sourcecode.swift; path = SceneDelegate.swift; sourceTree = "<group>"; };
		D0EB3F4427E81CE600983F5E /* ViewController.swift */ = {isa = PBXFileReference; lastKnownFileType = sourcecode.swift; path = ViewController.swift; sourceTree = "<group>"; };
		D0EB3F4727E81CE600983F5E /* Base */ = {isa = PBXFileReference; lastKnownFileType = file.storyboard; name = Base; path = Base.lproj/Main.storyboard; sourceTree = "<group>"; };
		D0EB3F4927E81CE700983F5E /* Assets.xcassets */ = {isa = PBXFileReference; lastKnownFileType = folder.assetcatalog; path = Assets.xcassets; sourceTree = "<group>"; };
		D0EB3F4C27E81CE700983F5E /* Base */ = {isa = PBXFileReference; lastKnownFileType = file.storyboard; name = Base; path = Base.lproj/LaunchScreen.storyboard; sourceTree = "<group>"; };
		D0EB3F4E27E81CE700983F5E /* Info.plist */ = {isa = PBXFileReference; lastKnownFileType = text.plist.xml; path = Info.plist; sourceTree = "<group>"; };
/* End PBXFileReference section */

/* Begin PBXFrameworksBuildPhase section */
		8DA591EE27E9685000CC739C /* Frameworks */ = {
			isa = PBXFrameworksBuildPhase;
			buildActionMask = 2147483647;
			files = (
			);
			runOnlyForDeploymentPostprocessing = 0;
		};
		D0DB557627E821B8002F8330 /* Frameworks */ = {
			isa = PBXFrameworksBuildPhase;
			buildActionMask = 2147483647;
			files = (
			);
			runOnlyForDeploymentPostprocessing = 0;
		};
		D0EB3F3A27E81CE600983F5E /* Frameworks */ = {
			isa = PBXFrameworksBuildPhase;
			buildActionMask = 2147483647;
			files = (
			);
			runOnlyForDeploymentPostprocessing = 0;
		};
/* End PBXFrameworksBuildPhase section */

/* Begin PBXGroup section */
		8D0E7C8827E824F800DC267C /* SupportingFiles */ = {
			isa = PBXGroup;
			children = (
				D0EB3F4027E81CE600983F5E /* AppDelegate.swift */,
				D0EB3F4227E81CE600983F5E /* SceneDelegate.swift */,
				D0EB3F4927E81CE700983F5E /* Assets.xcassets */,
				D0EB3F4B27E81CE700983F5E /* LaunchScreen.storyboard */,
			);
			path = SupportingFiles;
			sourceTree = "<group>";
		};
		8DA591F227E9685000CC739C /* PhotosUITests */ = {
			isa = PBXGroup;
			children = (
				8DA591F327E9685000CC739C /* PhotosUITests.swift */,
				8DA591F527E9685000CC739C /* PhotosUITestsLaunchTests.swift */,
			);
			path = PhotosUITests;
			sourceTree = "<group>";
		};
		8DA591FC27E96DAF00CC739C /* Extension */ = {
			isa = PBXGroup;
			children = (
				D0DB558227E86D58002F8330 /* UIColor+Extension.swift */,
			);
			path = Extension;
			sourceTree = "<group>";
		};
		D0DB557A27E821B8002F8330 /* PhotosTests */ = {
			isa = PBXGroup;
			children = (
				D0DB557B27E821B8002F8330 /* PhotosTests.swift */,
			);
			path = PhotosTests;
			sourceTree = "<group>";
		};
		D0DB558427E86F13002F8330 /* View */ = {
			isa = PBXGroup;
			children = (
				D0DB558527E86F42002F8330 /* ColorCollectionViewCell.swift */,
			);
			path = View;
			sourceTree = "<group>";
		};
		D0EB3F3427E81CE600983F5E = {
			isa = PBXGroup;
			children = (
				D0EB3F3F27E81CE600983F5E /* Photos */,
				D0DB557A27E821B8002F8330 /* PhotosTests */,
				8DA591F227E9685000CC739C /* PhotosUITests */,
				D0EB3F3E27E81CE600983F5E /* Products */,
			);
			sourceTree = "<group>";
		};
		D0EB3F3E27E81CE600983F5E /* Products */ = {
			isa = PBXGroup;
			children = (
				D0EB3F3D27E81CE600983F5E /* Photos.app */,
				D0DB557927E821B8002F8330 /* PhotosTests.xctest */,
				8DA591F127E9685000CC739C /* PhotosUITests.xctest */,
			);
			name = Products;
			sourceTree = "<group>";
		};
		D0EB3F3F27E81CE600983F5E /* Photos */ = {
			isa = PBXGroup;
			children = (
				D0EB3F4427E81CE600983F5E /* ViewController.swift */,
				8D6186E827E869A700090B8A /* RGB.swift */,
				D0EB3F4627E81CE600983F5E /* Main.storyboard */,
				8DA591FC27E96DAF00CC739C /* Extension */,
				D0DB558427E86F13002F8330 /* View */,
				8D0E7C8827E824F800DC267C /* SupportingFiles */,
				D0EB3F4E27E81CE700983F5E /* Info.plist */,
			);
			path = Photos;
			sourceTree = "<group>";
		};
/* End PBXGroup section */

/* Begin PBXNativeTarget section */
		8DA591F027E9685000CC739C /* PhotosUITests */ = {
			isa = PBXNativeTarget;
			buildConfigurationList = 8DA591FB27E9685000CC739C /* Build configuration list for PBXNativeTarget "PhotosUITests" */;
			buildPhases = (
				8DA591ED27E9685000CC739C /* Sources */,
				8DA591EE27E9685000CC739C /* Frameworks */,
				8DA591EF27E9685000CC739C /* Resources */,
			);
			buildRules = (
			);
			dependencies = (
				8DA591F827E9685000CC739C /* PBXTargetDependency */,
			);
			name = PhotosUITests;
			productName = PhotosUITests;
			productReference = 8DA591F127E9685000CC739C /* PhotosUITests.xctest */;
			productType = "com.apple.product-type.bundle.ui-testing";
		};
		D0DB557827E821B8002F8330 /* PhotosTests */ = {
			isa = PBXNativeTarget;
			buildConfigurationList = D0DB558127E821B8002F8330 /* Build configuration list for PBXNativeTarget "PhotosTests" */;
			buildPhases = (
				D0DB557527E821B8002F8330 /* Sources */,
				D0DB557627E821B8002F8330 /* Frameworks */,
				D0DB557727E821B8002F8330 /* Resources */,
			);
			buildRules = (
			);
			dependencies = (
				D0DB557E27E821B8002F8330 /* PBXTargetDependency */,
			);
			name = PhotosTests;
			productName = PhotosTests;
			productReference = D0DB557927E821B8002F8330 /* PhotosTests.xctest */;
			productType = "com.apple.product-type.bundle.unit-test";
		};
		D0EB3F3C27E81CE600983F5E /* Photos */ = {
			isa = PBXNativeTarget;
			buildConfigurationList = D0EB3F5127E81CE700983F5E /* Build configuration list for PBXNativeTarget "Photos" */;
			buildPhases = (
				D0EB3F3927E81CE600983F5E /* Sources */,
				D0EB3F3A27E81CE600983F5E /* Frameworks */,
				D0EB3F3B27E81CE600983F5E /* Resources */,
			);
			buildRules = (
			);
			dependencies = (
			);
			name = Photos;
			productName = Photos;
			productReference = D0EB3F3D27E81CE600983F5E /* Photos.app */;
			productType = "com.apple.product-type.application";
		};
/* End PBXNativeTarget section */

/* Begin PBXProject section */
		D0EB3F3527E81CE600983F5E /* Project object */ = {
			isa = PBXProject;
			attributes = {
				BuildIndependentTargetsInParallel = 1;
				LastSwiftUpdateCheck = 1320;
				LastUpgradeCheck = 1320;
				TargetAttributes = {
					8DA591F027E9685000CC739C = {
						CreatedOnToolsVersion = 13.2.1;
						TestTargetID = D0EB3F3C27E81CE600983F5E;
					};
					D0DB557827E821B8002F8330 = {
						CreatedOnToolsVersion = 13.2.1;
						TestTargetID = D0EB3F3C27E81CE600983F5E;
					};
					D0EB3F3C27E81CE600983F5E = {
						CreatedOnToolsVersion = 13.2.1;
					};
				};
			};
			buildConfigurationList = D0EB3F3827E81CE600983F5E /* Build configuration list for PBXProject "Photos" */;
			compatibilityVersion = "Xcode 13.0";
			developmentRegion = en;
			hasScannedForEncodings = 0;
			knownRegions = (
				en,
				Base,
			);
			mainGroup = D0EB3F3427E81CE600983F5E;
			productRefGroup = D0EB3F3E27E81CE600983F5E /* Products */;
			projectDirPath = "";
			projectRoot = "";
			targets = (
				D0EB3F3C27E81CE600983F5E /* Photos */,
				D0DB557827E821B8002F8330 /* PhotosTests */,
				8DA591F027E9685000CC739C /* PhotosUITests */,
			);
		};
/* End PBXProject section */

/* Begin PBXResourcesBuildPhase section */
		8DA591EF27E9685000CC739C /* Resources */ = {
			isa = PBXResourcesBuildPhase;
			buildActionMask = 2147483647;
			files = (
			);
			runOnlyForDeploymentPostprocessing = 0;
		};
		D0DB557727E821B8002F8330 /* Resources */ = {
			isa = PBXResourcesBuildPhase;
			buildActionMask = 2147483647;
			files = (
			);
			runOnlyForDeploymentPostprocessing = 0;
		};
		D0EB3F3B27E81CE600983F5E /* Resources */ = {
			isa = PBXResourcesBuildPhase;
			buildActionMask = 2147483647;
			files = (
				D0EB3F4D27E81CE700983F5E /* LaunchScreen.storyboard in Resources */,
				D0EB3F4A27E81CE700983F5E /* Assets.xcassets in Resources */,
				D0EB3F4827E81CE600983F5E /* Main.storyboard in Resources */,
			);
			runOnlyForDeploymentPostprocessing = 0;
		};
/* End PBXResourcesBuildPhase section */

/* Begin PBXSourcesBuildPhase section */
		8DA591ED27E9685000CC739C /* Sources */ = {
			isa = PBXSourcesBuildPhase;
			buildActionMask = 2147483647;
			files = (
				8DA591F427E9685000CC739C /* PhotosUITests.swift in Sources */,
				8DA591F627E9685000CC739C /* PhotosUITestsLaunchTests.swift in Sources */,
			);
			runOnlyForDeploymentPostprocessing = 0;
		};
		D0DB557527E821B8002F8330 /* Sources */ = {
			isa = PBXSourcesBuildPhase;
			buildActionMask = 2147483647;
			files = (
				D0DB557C27E821B8002F8330 /* PhotosTests.swift in Sources */,
				D0DB558727E874D9002F8330 /* RGB.swift in Sources */,
			);
			runOnlyForDeploymentPostprocessing = 0;
		};
		D0EB3F3927E81CE600983F5E /* Sources */ = {
			isa = PBXSourcesBuildPhase;
			buildActionMask = 2147483647;
			files = (
				D0DB558627E86F42002F8330 /* ColorCollectionViewCell.swift in Sources */,
				D0EB3F4527E81CE600983F5E /* ViewController.swift in Sources */,
				8D6186E927E869A700090B8A /* RGB.swift in Sources */,
				D0EB3F4127E81CE600983F5E /* AppDelegate.swift in Sources */,
				D0EB3F4327E81CE600983F5E /* SceneDelegate.swift in Sources */,
				D0DB558327E86D58002F8330 /* UIColor+Extension.swift in Sources */,
			);
			runOnlyForDeploymentPostprocessing = 0;
		};
/* End PBXSourcesBuildPhase section */

/* Begin PBXTargetDependency section */
		8DA591F827E9685000CC739C /* PBXTargetDependency */ = {
			isa = PBXTargetDependency;
			target = D0EB3F3C27E81CE600983F5E /* Photos */;
			targetProxy = 8DA591F727E9685000CC739C /* PBXContainerItemProxy */;
		};
		D0DB557E27E821B8002F8330 /* PBXTargetDependency */ = {
			isa = PBXTargetDependency;
			target = D0EB3F3C27E81CE600983F5E /* Photos */;
			targetProxy = D0DB557D27E821B8002F8330 /* PBXContainerItemProxy */;
		};
/* End PBXTargetDependency section */

/* Begin PBXVariantGroup section */
		D0EB3F4627E81CE600983F5E /* Main.storyboard */ = {
			isa = PBXVariantGroup;
			children = (
				D0EB3F4727E81CE600983F5E /* Base */,
			);
			name = Main.storyboard;
			sourceTree = "<group>";
		};
		D0EB3F4B27E81CE700983F5E /* LaunchScreen.storyboard */ = {
			isa = PBXVariantGroup;
			children = (
				D0EB3F4C27E81CE700983F5E /* Base */,
			);
			name = LaunchScreen.storyboard;
			sourceTree = "<group>";
		};
/* End PBXVariantGroup section */

/* Begin XCBuildConfiguration section */
		8DA591F927E9685000CC739C /* Debug */ = {
			isa = XCBuildConfiguration;
			buildSettings = {
				CODE_SIGN_STYLE = Automatic;
				CURRENT_PROJECT_VERSION = 1;
				DEVELOPMENT_TEAM = N6KUR9465F;
				GENERATE_INFOPLIST_FILE = YES;
				MARKETING_VERSION = 1.0;
				PRODUCT_BUNDLE_IDENTIFIER = com.SeobJin.PhotosUITests;
				PRODUCT_NAME = "$(TARGET_NAME)";
				SWIFT_EMIT_LOC_STRINGS = NO;
				SWIFT_VERSION = 5.0;
				TARGETED_DEVICE_FAMILY = "1,2";
				TEST_TARGET_NAME = Photos;
			};
			name = Debug;
		};
		8DA591FA27E9685000CC739C /* Release */ = {
			isa = XCBuildConfiguration;
			buildSettings = {
				CODE_SIGN_STYLE = Automatic;
				CURRENT_PROJECT_VERSION = 1;
				DEVELOPMENT_TEAM = N6KUR9465F;
				GENERATE_INFOPLIST_FILE = YES;
				MARKETING_VERSION = 1.0;
				PRODUCT_BUNDLE_IDENTIFIER = com.SeobJin.PhotosUITests;
				PRODUCT_NAME = "$(TARGET_NAME)";
				SWIFT_EMIT_LOC_STRINGS = NO;
				SWIFT_VERSION = 5.0;
				TARGETED_DEVICE_FAMILY = "1,2";
				TEST_TARGET_NAME = Photos;
			};
			name = Release;
		};
		D0DB557F27E821B8002F8330 /* Debug */ = {
			isa = XCBuildConfiguration;
			buildSettings = {
				BUNDLE_LOADER = "$(TEST_HOST)";
				CODE_SIGN_STYLE = Automatic;
				CURRENT_PROJECT_VERSION = 1;
				DEVELOPMENT_TEAM = P9G6PC5FMA;
				GENERATE_INFOPLIST_FILE = YES;
				MARKETING_VERSION = 1.0;
				PRODUCT_BUNDLE_IDENTIFIER = com.sanghee.PhotosTests;
				PRODUCT_NAME = "$(TARGET_NAME)";
				SWIFT_EMIT_LOC_STRINGS = NO;
				SWIFT_VERSION = 5.0;
				TARGETED_DEVICE_FAMILY = "1,2";
				TEST_HOST = "$(BUILT_PRODUCTS_DIR)/Photos.app/Photos";
			};
			name = Debug;
		};
		D0DB558027E821B8002F8330 /* Release */ = {
			isa = XCBuildConfiguration;
			buildSettings = {
				BUNDLE_LOADER = "$(TEST_HOST)";
				CODE_SIGN_STYLE = Automatic;
				CURRENT_PROJECT_VERSION = 1;
				DEVELOPMENT_TEAM = P9G6PC5FMA;
				GENERATE_INFOPLIST_FILE = YES;
				MARKETING_VERSION = 1.0;
				PRODUCT_BUNDLE_IDENTIFIER = com.sanghee.PhotosTests;
				PRODUCT_NAME = "$(TARGET_NAME)";
				SWIFT_EMIT_LOC_STRINGS = NO;
				SWIFT_VERSION = 5.0;
				TARGETED_DEVICE_FAMILY = "1,2";
				TEST_HOST = "$(BUILT_PRODUCTS_DIR)/Photos.app/Photos";
			};
			name = Release;
		};
		D0EB3F4F27E81CE700983F5E /* Debug */ = {
			isa = XCBuildConfiguration;
			buildSettings = {
				ALWAYS_SEARCH_USER_PATHS = NO;
				CLANG_ANALYZER_NONNULL = YES;
				CLANG_ANALYZER_NUMBER_OBJECT_CONVERSION = YES_AGGRESSIVE;
				CLANG_CXX_LANGUAGE_STANDARD = "gnu++17";
				CLANG_CXX_LIBRARY = "libc++";
				CLANG_ENABLE_MODULES = YES;
				CLANG_ENABLE_OBJC_ARC = YES;
				CLANG_ENABLE_OBJC_WEAK = YES;
				CLANG_WARN_BLOCK_CAPTURE_AUTORELEASING = YES;
				CLANG_WARN_BOOL_CONVERSION = YES;
				CLANG_WARN_COMMA = YES;
				CLANG_WARN_CONSTANT_CONVERSION = YES;
				CLANG_WARN_DEPRECATED_OBJC_IMPLEMENTATIONS = YES;
				CLANG_WARN_DIRECT_OBJC_ISA_USAGE = YES_ERROR;
				CLANG_WARN_DOCUMENTATION_COMMENTS = YES;
				CLANG_WARN_EMPTY_BODY = YES;
				CLANG_WARN_ENUM_CONVERSION = YES;
				CLANG_WARN_INFINITE_RECURSION = YES;
				CLANG_WARN_INT_CONVERSION = YES;
				CLANG_WARN_NON_LITERAL_NULL_CONVERSION = YES;
				CLANG_WARN_OBJC_IMPLICIT_RETAIN_SELF = YES;
				CLANG_WARN_OBJC_LITERAL_CONVERSION = YES;
				CLANG_WARN_OBJC_ROOT_CLASS = YES_ERROR;
				CLANG_WARN_QUOTED_INCLUDE_IN_FRAMEWORK_HEADER = YES;
				CLANG_WARN_RANGE_LOOP_ANALYSIS = YES;
				CLANG_WARN_STRICT_PROTOTYPES = YES;
				CLANG_WARN_SUSPICIOUS_MOVE = YES;
				CLANG_WARN_UNGUARDED_AVAILABILITY = YES_AGGRESSIVE;
				CLANG_WARN_UNREACHABLE_CODE = YES;
				CLANG_WARN__DUPLICATE_METHOD_MATCH = YES;
				COPY_PHASE_STRIP = NO;
				DEBUG_INFORMATION_FORMAT = dwarf;
				ENABLE_STRICT_OBJC_MSGSEND = YES;
				ENABLE_TESTABILITY = YES;
				GCC_C_LANGUAGE_STANDARD = gnu11;
				GCC_DYNAMIC_NO_PIC = NO;
				GCC_NO_COMMON_BLOCKS = YES;
				GCC_OPTIMIZATION_LEVEL = 0;
				GCC_PREPROCESSOR_DEFINITIONS = (
					"DEBUG=1",
					"$(inherited)",
				);
				GCC_WARN_64_TO_32_BIT_CONVERSION = YES;
				GCC_WARN_ABOUT_RETURN_TYPE = YES_ERROR;
				GCC_WARN_UNDECLARED_SELECTOR = YES;
				GCC_WARN_UNINITIALIZED_AUTOS = YES_AGGRESSIVE;
				GCC_WARN_UNUSED_FUNCTION = YES;
				GCC_WARN_UNUSED_VARIABLE = YES;
				IPHONEOS_DEPLOYMENT_TARGET = 15.2;
				MTL_ENABLE_DEBUG_INFO = INCLUDE_SOURCE;
				MTL_FAST_MATH = YES;
				ONLY_ACTIVE_ARCH = YES;
				SDKROOT = iphoneos;
				SWIFT_ACTIVE_COMPILATION_CONDITIONS = DEBUG;
				SWIFT_OPTIMIZATION_LEVEL = "-Onone";
			};
			name = Debug;
		};
		D0EB3F5027E81CE700983F5E /* Release */ = {
			isa = XCBuildConfiguration;
			buildSettings = {
				ALWAYS_SEARCH_USER_PATHS = NO;
				CLANG_ANALYZER_NONNULL = YES;
				CLANG_ANALYZER_NUMBER_OBJECT_CONVERSION = YES_AGGRESSIVE;
				CLANG_CXX_LANGUAGE_STANDARD = "gnu++17";
				CLANG_CXX_LIBRARY = "libc++";
				CLANG_ENABLE_MODULES = YES;
				CLANG_ENABLE_OBJC_ARC = YES;
				CLANG_ENABLE_OBJC_WEAK = YES;
				CLANG_WARN_BLOCK_CAPTURE_AUTORELEASING = YES;
				CLANG_WARN_BOOL_CONVERSION = YES;
				CLANG_WARN_COMMA = YES;
				CLANG_WARN_CONSTANT_CONVERSION = YES;
				CLANG_WARN_DEPRECATED_OBJC_IMPLEMENTATIONS = YES;
				CLANG_WARN_DIRECT_OBJC_ISA_USAGE = YES_ERROR;
				CLANG_WARN_DOCUMENTATION_COMMENTS = YES;
				CLANG_WARN_EMPTY_BODY = YES;
				CLANG_WARN_ENUM_CONVERSION = YES;
				CLANG_WARN_INFINITE_RECURSION = YES;
				CLANG_WARN_INT_CONVERSION = YES;
				CLANG_WARN_NON_LITERAL_NULL_CONVERSION = YES;
				CLANG_WARN_OBJC_IMPLICIT_RETAIN_SELF = YES;
				CLANG_WARN_OBJC_LITERAL_CONVERSION = YES;
				CLANG_WARN_OBJC_ROOT_CLASS = YES_ERROR;
				CLANG_WARN_QUOTED_INCLUDE_IN_FRAMEWORK_HEADER = YES;
				CLANG_WARN_RANGE_LOOP_ANALYSIS = YES;
				CLANG_WARN_STRICT_PROTOTYPES = YES;
				CLANG_WARN_SUSPICIOUS_MOVE = YES;
				CLANG_WARN_UNGUARDED_AVAILABILITY = YES_AGGRESSIVE;
				CLANG_WARN_UNREACHABLE_CODE = YES;
				CLANG_WARN__DUPLICATE_METHOD_MATCH = YES;
				COPY_PHASE_STRIP = NO;
				DEBUG_INFORMATION_FORMAT = "dwarf-with-dsym";
				ENABLE_NS_ASSERTIONS = NO;
				ENABLE_STRICT_OBJC_MSGSEND = YES;
				GCC_C_LANGUAGE_STANDARD = gnu11;
				GCC_NO_COMMON_BLOCKS = YES;
				GCC_WARN_64_TO_32_BIT_CONVERSION = YES;
				GCC_WARN_ABOUT_RETURN_TYPE = YES_ERROR;
				GCC_WARN_UNDECLARED_SELECTOR = YES;
				GCC_WARN_UNINITIALIZED_AUTOS = YES_AGGRESSIVE;
				GCC_WARN_UNUSED_FUNCTION = YES;
				GCC_WARN_UNUSED_VARIABLE = YES;
				IPHONEOS_DEPLOYMENT_TARGET = 15.2;
				MTL_ENABLE_DEBUG_INFO = NO;
				MTL_FAST_MATH = YES;
				SDKROOT = iphoneos;
				SWIFT_COMPILATION_MODE = wholemodule;
				SWIFT_OPTIMIZATION_LEVEL = "-O";
				VALIDATE_PRODUCT = YES;
			};
			name = Release;
		};
		D0EB3F5227E81CE700983F5E /* Debug */ = {
			isa = XCBuildConfiguration;
			buildSettings = {
				ASSETCATALOG_COMPILER_APPICON_NAME = AppIcon;
				ASSETCATALOG_COMPILER_GLOBAL_ACCENT_COLOR_NAME = AccentColor;
				CODE_SIGN_STYLE = Automatic;
				CURRENT_PROJECT_VERSION = 1;
				DEVELOPMENT_TEAM = P9G6PC5FMA;
				GENERATE_INFOPLIST_FILE = YES;
				INFOPLIST_FILE = Photos/Info.plist;
				INFOPLIST_KEY_UIApplicationSupportsIndirectInputEvents = YES;
				INFOPLIST_KEY_UILaunchStoryboardName = LaunchScreen;
				INFOPLIST_KEY_UIMainStoryboardFile = Main;
				INFOPLIST_KEY_UISupportedInterfaceOrientations_iPad = "UIInterfaceOrientationPortrait UIInterfaceOrientationPortraitUpsideDown UIInterfaceOrientationLandscapeLeft UIInterfaceOrientationLandscapeRight";
				INFOPLIST_KEY_UISupportedInterfaceOrientations_iPhone = "UIInterfaceOrientationPortrait UIInterfaceOrientationLandscapeLeft UIInterfaceOrientationLandscapeRight";
				LD_RUNPATH_SEARCH_PATHS = (
					"$(inherited)",
					"@executable_path/Frameworks",
				);
				MARKETING_VERSION = 1.0;
				PRODUCT_BUNDLE_IDENTIFIER = com.sanghee.Photos;
				PRODUCT_NAME = "$(TARGET_NAME)";
				SWIFT_EMIT_LOC_STRINGS = YES;
				SWIFT_VERSION = 5.0;
				TARGETED_DEVICE_FAMILY = "1,2";
			};
			name = Debug;
		};
		D0EB3F5327E81CE700983F5E /* Release */ = {
			isa = XCBuildConfiguration;
			buildSettings = {
				ASSETCATALOG_COMPILER_APPICON_NAME = AppIcon;
				ASSETCATALOG_COMPILER_GLOBAL_ACCENT_COLOR_NAME = AccentColor;
				CODE_SIGN_STYLE = Automatic;
				CURRENT_PROJECT_VERSION = 1;
				DEVELOPMENT_TEAM = P9G6PC5FMA;
				GENERATE_INFOPLIST_FILE = YES;
				INFOPLIST_FILE = Photos/Info.plist;
				INFOPLIST_KEY_UIApplicationSupportsIndirectInputEvents = YES;
				INFOPLIST_KEY_UILaunchStoryboardName = LaunchScreen;
				INFOPLIST_KEY_UIMainStoryboardFile = Main;
				INFOPLIST_KEY_UISupportedInterfaceOrientations_iPad = "UIInterfaceOrientationPortrait UIInterfaceOrientationPortraitUpsideDown UIInterfaceOrientationLandscapeLeft UIInterfaceOrientationLandscapeRight";
				INFOPLIST_KEY_UISupportedInterfaceOrientations_iPhone = "UIInterfaceOrientationPortrait UIInterfaceOrientationLandscapeLeft UIInterfaceOrientationLandscapeRight";
				LD_RUNPATH_SEARCH_PATHS = (
					"$(inherited)",
					"@executable_path/Frameworks",
				);
				MARKETING_VERSION = 1.0;
				PRODUCT_BUNDLE_IDENTIFIER = com.sanghee.Photos;
				PRODUCT_NAME = "$(TARGET_NAME)";
				SWIFT_EMIT_LOC_STRINGS = YES;
				SWIFT_VERSION = 5.0;
				TARGETED_DEVICE_FAMILY = "1,2";
			};
			name = Release;
		};
/* End XCBuildConfiguration section */

/* Begin XCConfigurationList section */
		8DA591FB27E9685000CC739C /* Build configuration list for PBXNativeTarget "PhotosUITests" */ = {
			isa = XCConfigurationList;
			buildConfigurations = (
				8DA591F927E9685000CC739C /* Debug */,
				8DA591FA27E9685000CC739C /* Release */,
			);
			defaultConfigurationIsVisible = 0;
			defaultConfigurationName = Release;
		};
		D0DB558127E821B8002F8330 /* Build configuration list for PBXNativeTarget "PhotosTests" */ = {
			isa = XCConfigurationList;
			buildConfigurations = (
				D0DB557F27E821B8002F8330 /* Debug */,
				D0DB558027E821B8002F8330 /* Release */,
			);
			defaultConfigurationIsVisible = 0;
			defaultConfigurationName = Release;
		};
		D0EB3F3827E81CE600983F5E /* Build configuration list for PBXProject "Photos" */ = {
			isa = XCConfigurationList;
			buildConfigurations = (
				D0EB3F4F27E81CE700983F5E /* Debug */,
				D0EB3F5027E81CE700983F5E /* Release */,
			);
			defaultConfigurationIsVisible = 0;
			defaultConfigurationName = Release;
		};
		D0EB3F5127E81CE700983F5E /* Build configuration list for PBXNativeTarget "Photos" */ = {
			isa = XCConfigurationList;
			buildConfigurations = (
				D0EB3F5227E81CE700983F5E /* Debug */,
				D0EB3F5327E81CE700983F5E /* Release */,
			);
			defaultConfigurationIsVisible = 0;
			defaultConfigurationName = Release;
		};
/* End XCConfigurationList section */
	};
	rootObject = D0EB3F3527E81CE600983F5E /* Project object */;
}
